{
  "name": "svg-diff-nodejs-example",
  "version": "1.0.0",
  "lockfileVersion": 1,
  "requires": true,
  "dependencies": {
    "svg-diff-node": {
      "version": "0.0.3",
      "resolved": "https://registry.npmjs.org/svg-diff-node/-/svg-diff-node-0.0.3.tgz",
      "integrity": "sha512-yU6bv5ydok1+wk3soe8bAllZOLnWr+ZbQYFCFISjujx0JTj3tsSFitn9LrlOwVfzjjzIgSSiflsbaltVuJyfmw==",
      "requires": {
        "svg-diff-node-darwin-arm64": "0.0.3",
        "svg-diff-node-darwin-x64": "0.0.3",
        "svg-diff-node-freebsd-x64": "0.0.3",
        "svg-diff-node-linux-arm-gnueabihf": "0.0.3",
        "svg-diff-node-linux-arm64-gnu": "0.0.3",
        "svg-diff-node-linux-arm64-musl": "0.0.3",
        "svg-diff-node-linux-x64-gnu": "0.0.3",
        "svg-diff-node-linux-x64-musl": "0.0.3",
        "svg-diff-node-win32-arm64-msvc": "0.0.3",
        "svg-diff-node-win32-ia32-msvc": "0.0.3",
        "svg-diff-node-win32-x64-msvc": "0.0.3"
      }
    },
    "svg-diff-node-darwin-arm64": {
      "version": "0.0.3",
      "resolved": "https://registry.npmjs.org/svg-diff-node-darwin-arm64/-/svg-diff-node-darwin-arm64-0.0.3.tgz",
      "integrity": "sha512-Rt41NYH//4TaVZ9DU6Nd0fMBa7SdAg9Wuudaumvn1v/+gAZA0bNhYUHXB5Lemk9cPT/PO7PgUnYMtfsE91P5ng==",
      "optional": true
    },
    "svg-diff-node-darwin-x64": {
      "version": "0.0.3",
      "resolved": "https://registry.npmjs.org/svg-diff-node-darwin-x64/-/svg-diff-node-darwin-x64-0.0.3.tgz",
      "integrity": "sha512-lyCpBpHozoYSTuPWvUYOPOaoqTCUb7kSxb8Wo+KVPSwJD+Za8IEZyqdXhJqkRv2icnuu9bb3oKlAIo7Eu2ufmw==",
      "optional": true
    },
    "svg-diff-node-freebsd-x64": {
      "version": "0.0.3",
      "resolved": "https://registry.npmjs.org/svg-diff-node-freebsd-x64/-/svg-diff-node-freebsd-x64-0.0.3.tgz",
      "integrity": "sha512-yZgkHitzFzXwMDmArHvFQwcLSlAmjimBsTYNW037fHB7QmKHGkrRVRv3e/m4auXji3YJJDo4JBZAtGIiPkkgAw==",
      "optional": true
    },
    "svg-diff-node-linux-arm-gnueabihf": {
      "version": "0.0.3",
      "resolved": "https://registry.npmjs.org/svg-diff-node-linux-arm-gnueabihf/-/svg-diff-node-linux-arm-gnueabihf-0.0.3.tgz",
      "integrity": "sha512-FT2uQwCNGz1qmpMCR7GOTx6wb9PL3GqkcFXBC+yLEQ03XqT9HhuV/bdfnI/jmAFj85X2hjZbHI9y+ChZjKWrlQ==",
      "optional": true
    },
    "svg-diff-node-linux-arm64-gnu": {
      "version": "0.0.3",
      "resolved": "https://registry.npmjs.org/svg-diff-node-linux-arm64-gnu/-/svg-diff-node-linux-arm64-gnu-0.0.3.tgz",
      "integrity": "sha512-U0E0Q+8WcIX1pEPpjAoGrsWA06pnuIhmlBdX/wloUmzsYYSItSN00xf6yaPqgCXhgcBdc6q8yoSxrTwu/Pk7JQ==",
      "optional": true
    },
    "svg-diff-node-linux-arm64-musl": {
      "version": "0.0.3",
      "resolved": "https://registry.npmjs.org/svg-diff-node-linux-arm64-musl/-/svg-diff-node-linux-arm64-musl-0.0.3.tgz",
      "integrity": "sha512-H8ixle7Nz2jEX3jLddVx/y199jQe/kE66um5sHVrijt6O5RjUtEphSxhWR0j3Xn4HQXczdOchJNHzog+n/s9Hw==",
      "optional": true
    },
    "svg-diff-node-linux-x64-gnu": {
      "version": "0.0.3",
      "resolved": "https://registry.npmjs.org/svg-diff-node-linux-x64-gnu/-/svg-diff-node-linux-x64-gnu-0.0.3.tgz",
      "integrity": "sha512-/zUDskzUDOu3axopkl5kWbwsvAMN6dk2qLIbE5LMl1ajId1IT1WyoHWLT6j3gJbGntNdC+W5t/BM+5I3ly8rzg==",
      "optional": true
    },
    "svg-diff-node-linux-x64-musl": {
      "version": "0.0.3",
      "resolved": "https://registry.npmjs.org/svg-diff-node-linux-x64-musl/-/svg-diff-node-linux-x64-musl-0.0.3.tgz",
      "integrity": "sha512-JqRbniGuMWhNEzX6AVqvxigynj0cK8LDrJ8I3BA8NdtXTbkw8/OCQ5WG8z9+WfwLmCQNlAu/PY29EfFXmD/oVg==",
      "optional": true
    },
    "svg-diff-node-win32-arm64-msvc": {
      "version": "0.0.3",
      "resolved": "https://registry.npmjs.org/svg-diff-node-win32-arm64-msvc/-/svg-diff-node-win32-arm64-msvc-0.0.3.tgz",
      "integrity": "sha512-lgqNMBuoxghS5JSRKpPeB/2bIb644eqli9D3NeXeflRpUoST4D6HpvPPdJxX2IGuc9blck+rk5HPHVcIv/ECdg==",
      "optional": true
    },
    "svg-diff-node-win32-ia32-msvc": {
      "version": "0.0.3",
      "resolved": "https://registry.npmjs.org/svg-diff-node-win32-ia32-msvc/-/svg-diff-node-win32-ia32-msvc-0.0.3.tgz",
      "integrity": "sha512-T9JShINlJWOfK7cXrMamXNMtNNcLE63TFd75PicL7Wq7ekoxLJW+qZP6bCEaITWi7wflTVwsXrzl4qxivE8eyA==",
      "optional": true
    },
    "svg-diff-node-win32-x64-msvc": {
      "version": "0.0.3",
      "resolved": "https://registry.npmjs.org/svg-diff-node-win32-x64-msvc/-/svg-diff-node-win32-x64-msvc-0.0.3.tgz",
      "integrity": "sha512-gswCd5gayWZYcRTiVRINamqDeoEg7M2Ybf8RIYQ3UODz5zqpPVvyfZrJkLj7k3xgRvA4FwSrNPKXKrRkMbavDA==",
      "optional": true
    }
  }
}
