{
  "name": "svg-diff-nodejs-example",
  "version": "1.0.0",
  "lockfileVersion": 1,
  "requires": true,
  "dependencies": {
    "svg-diff-node": {
      "version": "0.0.1",
      "resolved": "https://registry.npmjs.org/svg-diff-node/-/svg-diff-node-0.0.1.tgz",
      "integrity": "sha512-FmxKZWaWxKOMdUkBnivcGpQVnUnvB3q94GHqLNcJovOK9eWjB99sQnfmrBvNQS+AWWHIDG/mpJP7J4UxfSeSfg==",
      "requires": {
        "svg-diff-node-darwin-arm64": "0.0.1",
        "svg-diff-node-darwin-x64": "0.0.1",
        "svg-diff-node-freebsd-x64": "0.0.1",
        "svg-diff-node-linux-arm-gnueabihf": "0.0.1",
        "svg-diff-node-linux-arm64-gnu": "0.0.1",
        "svg-diff-node-linux-arm64-musl": "0.0.1",
        "svg-diff-node-linux-x64-gnu": "0.0.1",
        "svg-diff-node-linux-x64-musl": "0.0.1",
        "svg-diff-node-win32-arm64-msvc": "0.0.1",
        "svg-diff-node-win32-ia32-msvc": "0.0.1",
        "svg-diff-node-win32-x64-msvc": "0.0.1"
      }
    },
    "svg-diff-node-darwin-arm64": {
      "version": "0.0.1",
      "resolved": "https://registry.npmjs.org/svg-diff-node-darwin-arm64/-/svg-diff-node-darwin-arm64-0.0.1.tgz",
      "integrity": "sha512-wm42D9dXuMolbudECOd/5pD6hKO15uATfoxOz9rXdaIpESz5kmECRpUnnd23mF7zBHxPnptxuCR/m26c9+SSCg==",
      "optional": true
    },
    "svg-diff-node-darwin-x64": {
      "version": "0.0.1",
      "resolved": "https://registry.npmjs.org/svg-diff-node-darwin-x64/-/svg-diff-node-darwin-x64-0.0.1.tgz",
      "integrity": "sha512-IPjeX4M+L/QQOGqzYo9D4CpgAXHCoL2jhkBMahYbVMFBhHJjmxhz57ehl0qJXn4DRH0hd0cJ/pn3MWZHq/5DwQ==",
      "optional": true
    },
    "svg-diff-node-freebsd-x64": {
      "version": "0.0.1",
      "resolved": "https://registry.npmjs.org/svg-diff-node-freebsd-x64/-/svg-diff-node-freebsd-x64-0.0.1.tgz",
      "integrity": "sha512-zu34UzRp0vqzSGhVkZtVlSoJJLyjs/JEksfSXvcgISH5sFUNhRN8WxyQr9EX1r/qaYV4nJvvZ2woLfz5OeloUQ==",
      "optional": true
    },
    "svg-diff-node-linux-arm-gnueabihf": {
      "version": "0.0.1",
      "resolved": "https://registry.npmjs.org/svg-diff-node-linux-arm-gnueabihf/-/svg-diff-node-linux-arm-gnueabihf-0.0.1.tgz",
      "integrity": "sha512-ubdF/qSo61KMAFu/F5hIcKKDKyCJX/0/22dv6/ZSTGhF8GdJ/ibReQWhH4bA/Ch9Gn0GJj+X/FMXTjAZnyw7MQ==",
      "optional": true
    },
    "svg-diff-node-linux-arm64-gnu": {
      "version": "0.0.1",
      "resolved": "https://registry.npmjs.org/svg-diff-node-linux-arm64-gnu/-/svg-diff-node-linux-arm64-gnu-0.0.1.tgz",
      "integrity": "sha512-rXhjznFBFxqWMqjMl60+aXQkLLYMEXRwMwMTHrqwpDP/yaIsnyFTwIGf/BC/skWhbb3w/s7JcqCSajc5pZocAQ==",
      "optional": true
    },
    "svg-diff-node-linux-arm64-musl": {
      "version": "0.0.1",
      "resolved": "https://registry.npmjs.org/svg-diff-node-linux-arm64-musl/-/svg-diff-node-linux-arm64-musl-0.0.1.tgz",
      "integrity": "sha512-Ta3IlJrsiToNnvZTareIcjelMOoiB55D4SuvK5QkpH0JdJZc7sA7mbQz1bC6lIHowM84hnKFbya8YFAkLGZKgg==",
      "optional": true
    },
    "svg-diff-node-linux-x64-gnu": {
      "version": "0.0.1",
      "resolved": "https://registry.npmjs.org/svg-diff-node-linux-x64-gnu/-/svg-diff-node-linux-x64-gnu-0.0.1.tgz",
      "integrity": "sha512-kLuCev3alT5TlPWnBoN4gT6tiKyXIap33wZ8N/B+picX7a5iJb3IPFMXDzvCrgodfXczXfe6NtzHBccvK69Lwg==",
      "optional": true
    },
    "svg-diff-node-linux-x64-musl": {
      "version": "0.0.1",
      "resolved": "https://registry.npmjs.org/svg-diff-node-linux-x64-musl/-/svg-diff-node-linux-x64-musl-0.0.1.tgz",
      "integrity": "sha512-oybveElPk3bU4wGBrd9I0w7n0zDOrODVD9xPzVcL9+miToSqLNpQSUFQJs/fMmN1/RtP3weumBvKmRwVd1QEQQ==",
      "optional": true
    },
    "svg-diff-node-win32-arm64-msvc": {
      "version": "0.0.1",
      "resolved": "https://registry.npmjs.org/svg-diff-node-win32-arm64-msvc/-/svg-diff-node-win32-arm64-msvc-0.0.1.tgz",
      "integrity": "sha512-J/aAc3AA34Yu+iCIj9K3wsAPyWSQ4Ai6HFQgsSq/q7wTulQ/Tn07ecMvT2iRVW6hvFx2irbrLNqMkYcX/YtBvA==",
      "optional": true
    },
    "svg-diff-node-win32-ia32-msvc": {
      "version": "0.0.1",
      "resolved": "https://registry.npmjs.org/svg-diff-node-win32-ia32-msvc/-/svg-diff-node-win32-ia32-msvc-0.0.1.tgz",
      "integrity": "sha512-5bq9UKfF7uMww/tDsZ3i1sc2HZQ7PQtO0aYj/wOUW1t4IcNH5O8w2TypVaLFEt+mzMkoUjdNf9fli/5lAuNLNQ==",
      "optional": true
    },
    "svg-diff-node-win32-x64-msvc": {
      "version": "0.0.1",
      "resolved": "https://registry.npmjs.org/svg-diff-node-win32-x64-msvc/-/svg-diff-node-win32-x64-msvc-0.0.1.tgz",
      "integrity": "sha512-eqaZEqXFvNXYfN3gKojPtyw9pJy60WdXDkMHBk/6oBVUdCDjSzCSzqIkSP/5OnJ+AzUh7QKR6xhv1qnYIWvA7g==",
      "optional": true
    }
  }
}
